
Microsoft Visual Studio Solution File, Format Version 10.00
# Visual Studio 2008
Project("{FAE04EC0-301F-11D3-BF4B-00C04F79EFBC}") = "ConsoleApplication1", "ConsoleApplication1.csproj", "{50AF180A-35E5-4D18-AF42-A6AEC5F4CAEC}"
EndProject
Project("{54435603-DBB4-11D2-8724-00A0C9A8B90C}") = "DaThuc_Hung", "..\DaThuc_Hung\DaThuc_Hung.vdproj", "{BF2C60B6-51AD-4B78-B880-69A1FCCC9639}"
EndProject
Global
	GlobalSection(SolutionConfigurationPlatforms) = preSolution
		Debug|Any CPU = Debug|Any CPU
		Release|Any CPU = Release|Any CPU
	EndGlobalSection
	GlobalSection(ProjectConfigurationPlatforms) = postSolution
		{50AF180A-35E5-4D18-AF42-A6AEC5F4CAEC}.Debug|Any CPU.ActiveCfg = Debug|Any CPU
		{50AF180A-35E5-4D18-AF42-A6AEC5F4CAEC}.Debug|Any CPU.Build.0 = Debug|Any CPU
		{50AF180A-35E5-4D18-AF42-A6AEC5F4CAEC}.Release|Any CPU.ActiveCfg = Release|Any CPU
		{50AF180A-35E5-4D18-AF42-A6AEC5F4CAEC}.Release|Any CPU.Build.0 = Release|Any CPU
		{BF2C60B6-51AD-4B78-B880-69A1FCCC9639}.Debug|Any CPU.ActiveCfg = Debug
		{BF2C60B6-51AD-4B78-B880-69A1FCCC9639}.Release|Any CPU.ActiveCfg = Release
	EndGlobalSection
	GlobalSection(SolutionProperties) = preSolution
		HideSolutionNode = FALSE
	EndGlobalSection
EndGlobal
