
Microsoft Visual Studio Solution File, Format Version 10.00
# Visual Studio 2008
Project("{8BC9CEB8-8B4A-11D0-8D11-00A0C91BC942}") = "Bai06", "Bai06.vcproj", "{FC84AE4F-B601-4441-A1B4-BC8210C4B6FC}"
EndProject
Global
	GlobalSection(SolutionConfigurationPlatforms) = preSolution
		Debug|Win32 = Debug|Win32
		Release|Win32 = Release|Win32
	EndGlobalSection
	GlobalSection(ProjectConfigurationPlatforms) = postSolution
		{FC84AE4F-B601-4441-A1B4-BC8210C4B6FC}.Debug|Win32.ActiveCfg = Debug|Win32
		{FC84AE4F-B601-4441-A1B4-BC8210C4B6FC}.Debug|Win32.Build.0 = Debug|Win32
		{FC84AE4F-B601-4441-A1B4-BC8210C4B6FC}.Release|Win32.ActiveCfg = Release|Win32
		{FC84AE4F-B601-4441-A1B4-BC8210C4B6FC}.Release|Win32.Build.0 = Release|Win32
	EndGlobalSection
	GlobalSection(SolutionProperties) = preSolution
		HideSolutionNode = FALSE
	EndGlobalSection
EndGlobal
