
Microsoft Visual Studio Solution File, Format Version 10.00
# Visual C# Express 2008
Project("{FAE04EC0-301F-11D3-BF4B-00C04F79EFBC}") = "BaiTapThucHanhSo02", "BaiTapThucHanhSo02\BaiTapThucHanhSo02.csproj", "{4D14C41C-8151-4522-811E-452539F120F2}"
EndProject
Project("{FAE04EC0-301F-11D3-BF4B-00C04F79EFBC}") = "ToanHoc", "ToanHoc\ToanHoc.csproj", "{332E8157-8572-4E1E-8923-CA28B3CC8098}"
EndProject
Global
	GlobalSection(SolutionConfigurationPlatforms) = preSolution
		Debug|Any CPU = Debug|Any CPU
		Release|Any CPU = Release|Any CPU
	EndGlobalSection
	GlobalSection(ProjectConfigurationPlatforms) = postSolution
		{4D14C41C-8151-4522-811E-452539F120F2}.Debug|Any CPU.ActiveCfg = Debug|Any CPU
		{4D14C41C-8151-4522-811E-452539F120F2}.Debug|Any CPU.Build.0 = Debug|Any CPU
		{4D14C41C-8151-4522-811E-452539F120F2}.Release|Any CPU.ActiveCfg = Release|Any CPU
		{4D14C41C-8151-4522-811E-452539F120F2}.Release|Any CPU.Build.0 = Release|Any CPU
		{332E8157-8572-4E1E-8923-CA28B3CC8098}.Debug|Any CPU.ActiveCfg = Debug|Any CPU
		{332E8157-8572-4E1E-8923-CA28B3CC8098}.Debug|Any CPU.Build.0 = Debug|Any CPU
		{332E8157-8572-4E1E-8923-CA28B3CC8098}.Release|Any CPU.ActiveCfg = Release|Any CPU
		{332E8157-8572-4E1E-8923-CA28B3CC8098}.Release|Any CPU.Build.0 = Release|Any CPU
	EndGlobalSection
	GlobalSection(SolutionProperties) = preSolution
		HideSolutionNode = FALSE
	EndGlobalSection
EndGlobal
