
Microsoft Visual Studio Solution File, Format Version 11.00
# Visual Studio 2010
Project("{FAE04EC0-301F-11D3-BF4B-00C04F79EFBC}") = "TuDien1", "TuDien1\TuDien1.csproj", "{2FD7AA7E-150B-44D9-B023-783BF57E2300}"
EndProject
Global
	GlobalSection(SolutionConfigurationPlatforms) = preSolution
		Debug|x86 = Debug|x86
		Release|x86 = Release|x86
	EndGlobalSection
	GlobalSection(ProjectConfigurationPlatforms) = postSolution
		{2FD7AA7E-150B-44D9-B023-783BF57E2300}.Debug|x86.ActiveCfg = Debug|x86
		{2FD7AA7E-150B-44D9-B023-783BF57E2300}.Debug|x86.Build.0 = Debug|x86
		{2FD7AA7E-150B-44D9-B023-783BF57E2300}.Release|x86.ActiveCfg = Release|x86
		{2FD7AA7E-150B-44D9-B023-783BF57E2300}.Release|x86.Build.0 = Release|x86
	EndGlobalSection
	GlobalSection(SolutionProperties) = preSolution
		HideSolutionNode = FALSE
	EndGlobalSection
EndGlobal
