Microsoft Visual Studio Solution File, Format Version 8.00
Project("{8BC9CEB8-8B4A-11D0-8D11-00A0C91BC942}") = "Bitmaps", "Bitmaps.vcproj", "{05A24501-7722-43D0-9CF5-1D3C3D4C6079}"
	ProjectSection(ProjectDependencies) = postProject
	EndProjectSection
EndProject
Global
	GlobalSection(SolutionConfiguration) = preSolution
		Debug = Debug
		Release = Release
	EndGlobalSection
	GlobalSection(ProjectConfiguration) = postSolution
		{05A24501-7722-43D0-9CF5-1D3C3D4C6079}.Debug.ActiveCfg = Debug|Win32
		{05A24501-7722-43D0-9CF5-1D3C3D4C6079}.Debug.Build.0 = Debug|Win32
		{05A24501-7722-43D0-9CF5-1D3C3D4C6079}.Release.ActiveCfg = Release|Win32
		{05A24501-7722-43D0-9CF5-1D3C3D4C6079}.Release.Build.0 = Release|Win32
	EndGlobalSection
	GlobalSection(ExtensibilityGlobals) = postSolution
	EndGlobalSection
	GlobalSection(ExtensibilityAddIns) = postSolution
	EndGlobalSection
EndGlobal
