
Microsoft Visual Studio Solution File, Format Version 10.00
# Visual Studio 2008
Project("{FAE04EC0-301F-11D3-BF4B-00C04F79EFBC}") = "ObjectTest", "ObjectTest\ObjectTest.csproj", "{0DD0B5D1-DA13-4D1C-9D66-D89045DEECA2}"
EndProject
Global
	GlobalSection(SolutionConfigurationPlatforms) = preSolution
		Debug|Any CPU = Debug|Any CPU
		Release|Any CPU = Release|Any CPU
	EndGlobalSection
	GlobalSection(ProjectConfigurationPlatforms) = postSolution
		{0DD0B5D1-DA13-4D1C-9D66-D89045DEECA2}.Debug|Any CPU.ActiveCfg = Debug|Any CPU
		{0DD0B5D1-DA13-4D1C-9D66-D89045DEECA2}.Debug|Any CPU.Build.0 = Debug|Any CPU
		{0DD0B5D1-DA13-4D1C-9D66-D89045DEECA2}.Release|Any CPU.ActiveCfg = Release|Any CPU
		{0DD0B5D1-DA13-4D1C-9D66-D89045DEECA2}.Release|Any CPU.Build.0 = Release|Any CPU
	EndGlobalSection
	GlobalSection(SolutionProperties) = preSolution
		HideSolutionNode = FALSE
	EndGlobalSection
EndGlobal
