
Microsoft Visual Studio Solution File, Format Version 9.00
# Visual Studio 2005
Project("{FAE04EC0-301F-11D3-BF4B-00C04F79EFBC}") = "Generictest", "Generictest\Generictest.csproj", "{DD0B23D9-08EE-46E0-912C-1ED60B715367}"
EndProject
Global
	GlobalSection(SolutionConfigurationPlatforms) = preSolution
		Debug|Any CPU = Debug|Any CPU
		Release|Any CPU = Release|Any CPU
	EndGlobalSection
	GlobalSection(ProjectConfigurationPlatforms) = postSolution
		{DD0B23D9-08EE-46E0-912C-1ED60B715367}.Debug|Any CPU.ActiveCfg = Debug|Any CPU
		{DD0B23D9-08EE-46E0-912C-1ED60B715367}.Debug|Any CPU.Build.0 = Debug|Any CPU
		{DD0B23D9-08EE-46E0-912C-1ED60B715367}.Release|Any CPU.ActiveCfg = Release|Any CPU
		{DD0B23D9-08EE-46E0-912C-1ED60B715367}.Release|Any CPU.Build.0 = Release|Any CPU
	EndGlobalSection
	GlobalSection(SolutionProperties) = preSolution
		HideSolutionNode = FALSE
	EndGlobalSection
EndGlobal
