
Microsoft Visual Studio Solution File, Format Version 10.00
# Visual Studio 2008
Project("{FAE04EC0-301F-11D3-BF4B-00C04F79EFBC}") = "BaiThucHanhSo2", "BaiThucHanhSo2\BaiThucHanhSo2.csproj", "{CBBF3EB8-0995-4AFA-9604-6FCDDF4248F5}"
EndProject
Project("{FAE04EC0-301F-11D3-BF4B-00C04F79EFBC}") = "ToanHoc", "ToanHoc\ToanHoc.csproj", "{7FE23C1E-442A-4589-B9EA-FA333772B309}"
EndProject
Global
	GlobalSection(SolutionConfigurationPlatforms) = preSolution
		Debug|Any CPU = Debug|Any CPU
		Release|Any CPU = Release|Any CPU
	EndGlobalSection
	GlobalSection(ProjectConfigurationPlatforms) = postSolution
		{CBBF3EB8-0995-4AFA-9604-6FCDDF4248F5}.Debug|Any CPU.ActiveCfg = Debug|Any CPU
		{CBBF3EB8-0995-4AFA-9604-6FCDDF4248F5}.Debug|Any CPU.Build.0 = Debug|Any CPU
		{CBBF3EB8-0995-4AFA-9604-6FCDDF4248F5}.Release|Any CPU.ActiveCfg = Release|Any CPU
		{CBBF3EB8-0995-4AFA-9604-6FCDDF4248F5}.Release|Any CPU.Build.0 = Release|Any CPU
		{7FE23C1E-442A-4589-B9EA-FA333772B309}.Debug|Any CPU.ActiveCfg = Debug|Any CPU
		{7FE23C1E-442A-4589-B9EA-FA333772B309}.Debug|Any CPU.Build.0 = Debug|Any CPU
		{7FE23C1E-442A-4589-B9EA-FA333772B309}.Release|Any CPU.ActiveCfg = Release|Any CPU
		{7FE23C1E-442A-4589-B9EA-FA333772B309}.Release|Any CPU.Build.0 = Release|Any CPU
	EndGlobalSection
	GlobalSection(SolutionProperties) = preSolution
		HideSolutionNode = FALSE
	EndGlobalSection
EndGlobal
