
Microsoft Visual Studio Solution File, Format Version 10.00
# Visual Studio 2008
Project("{8BC9CEB8-8B4A-11D0-8D11-00A0C91BC942}") = "Bai17", "Bai17.vcproj", "{114E6B27-9380-4911-B3D0-8EF2C3F8E4D9}"
EndProject
Global
	GlobalSection(SolutionConfigurationPlatforms) = preSolution
		Debug|Win32 = Debug|Win32
		Release|Win32 = Release|Win32
	EndGlobalSection
	GlobalSection(ProjectConfigurationPlatforms) = postSolution
		{114E6B27-9380-4911-B3D0-8EF2C3F8E4D9}.Debug|Win32.ActiveCfg = Debug|Win32
		{114E6B27-9380-4911-B3D0-8EF2C3F8E4D9}.Debug|Win32.Build.0 = Debug|Win32
		{114E6B27-9380-4911-B3D0-8EF2C3F8E4D9}.Release|Win32.ActiveCfg = Release|Win32
		{114E6B27-9380-4911-B3D0-8EF2C3F8E4D9}.Release|Win32.Build.0 = Release|Win32
	EndGlobalSection
	GlobalSection(SolutionProperties) = preSolution
		HideSolutionNode = FALSE
	EndGlobalSection
EndGlobal
