
Microsoft Visual Studio Solution File, Format Version 10.00
# Visual Studio 2008
Project("{FAE04EC0-301F-11D3-BF4B-00C04F79EFBC}") = "BaiTapSo6", "BaiTapSo6\BaiTapSo6.csproj", "{C6834686-5A41-42C8-94EB-030FDF96B25A}"
EndProject
Global
	GlobalSection(SolutionConfigurationPlatforms) = preSolution
		Debug|Any CPU = Debug|Any CPU
		Release|Any CPU = Release|Any CPU
	EndGlobalSection
	GlobalSection(ProjectConfigurationPlatforms) = postSolution
		{C6834686-5A41-42C8-94EB-030FDF96B25A}.Debug|Any CPU.ActiveCfg = Debug|Any CPU
		{C6834686-5A41-42C8-94EB-030FDF96B25A}.Debug|Any CPU.Build.0 = Debug|Any CPU
		{C6834686-5A41-42C8-94EB-030FDF96B25A}.Release|Any CPU.ActiveCfg = Release|Any CPU
		{C6834686-5A41-42C8-94EB-030FDF96B25A}.Release|Any CPU.Build.0 = Release|Any CPU
	EndGlobalSection
	GlobalSection(SolutionProperties) = preSolution
		HideSolutionNode = FALSE
	EndGlobalSection
EndGlobal
