
Microsoft Visual Studio Solution File, Format Version 10.00
# Visual Studio 2008
Project("{FAE04EC0-301F-11D3-BF4B-00C04F79EFBC}") = "XinChao", "XinChao\XinChao.csproj", "{25BFAF97-5362-467A-9B27-AEF7C4A1597C}"
EndProject
Project("{FAE04EC0-301F-11D3-BF4B-00C04F79EFBC}") = "HelloWorld", "..\HelloWorld\HelloWorld\HelloWorld.csproj", "{ADE627FC-F0EF-4180-AC06-CD160D8EAE47}"
EndProject
Project("{FAE04EC0-301F-11D3-BF4B-00C04F79EFBC}") = "EnumTest", "..\EnumTest\EnumTest\EnumTest.csproj", "{63208016-3F68-49F9-A199-B38B65E07891}"
EndProject
Project("{FAE04EC0-301F-11D3-BF4B-00C04F79EFBC}") = "Exam", "..\Exam\Exam\Exam.csproj", "{647F0E2C-6B75-4FDB-AE28-8B22BD6B4022}"
EndProject
Project("{FAE04EC0-301F-11D3-BF4B-00C04F79EFBC}") = "ArrayList", "..\ArrayList\ArrayList\ArrayList.csproj", "{F3F79144-D88F-4EC0-A5BC-5F4B5AEC0C50}"
EndProject
Project("{FAE04EC0-301F-11D3-BF4B-00C04F79EFBC}") = "SinhVien", "..\SinhVien\SinhVien\SinhVien.csproj", "{7A8A47A5-896B-44B8-86D4-E803B1FD3EC2}"
EndProject
Project("{FAE04EC0-301F-11D3-BF4B-00C04F79EFBC}") = "ToanTuAs", "..\ToanTuAs\ToanTuAs\ToanTuAs.csproj", "{03B48EF1-92DE-4D74-8ACA-B9D91B4F3B71}"
EndProject
Project("{FAE04EC0-301F-11D3-BF4B-00C04F79EFBC}") = "ToanTuIsAs", "..\ToanTuIsAs\ToanTuIsAs\ToanTuIsAs.csproj", "{80920CB8-4272-4EF1-9C97-1C07FE57EF11}"
EndProject
Project("{FAE04EC0-301F-11D3-BF4B-00C04F79EFBC}") = "NameSpaceEx", "..\..\day2\NameSpaceEx\NameSpaceEx\NameSpaceEx.csproj", "{4CC5ECE4-DCAC-4B0E-84EC-0F4762E21056}"
EndProject
Project("{FAE04EC0-301F-11D3-BF4B-00C04F79EFBC}") = "TestUse", "..\..\day2\TestUse\TestUse\TestUse.csproj", "{DF3FA49F-3634-45DD-9C5B-DAD40766EDAF}"
EndProject
Project("{FAE04EC0-301F-11D3-BF4B-00C04F79EFBC}") = "ConsoleApplication1", "ConsoleApplication1\ConsoleApplication1.csproj", "{345384A1-04E8-4EFB-B5F9-C036DCC0BE6A}"
EndProject
Global
	GlobalSection(SolutionConfigurationPlatforms) = preSolution
		Debug|Any CPU = Debug|Any CPU
		Release|Any CPU = Release|Any CPU
	EndGlobalSection
	GlobalSection(ProjectConfigurationPlatforms) = postSolution
		{25BFAF97-5362-467A-9B27-AEF7C4A1597C}.Debug|Any CPU.ActiveCfg = Debug|Any CPU
		{25BFAF97-5362-467A-9B27-AEF7C4A1597C}.Debug|Any CPU.Build.0 = Debug|Any CPU
		{25BFAF97-5362-467A-9B27-AEF7C4A1597C}.Release|Any CPU.ActiveCfg = Release|Any CPU
		{25BFAF97-5362-467A-9B27-AEF7C4A1597C}.Release|Any CPU.Build.0 = Release|Any CPU
		{ADE627FC-F0EF-4180-AC06-CD160D8EAE47}.Debug|Any CPU.ActiveCfg = Debug|Any CPU
		{ADE627FC-F0EF-4180-AC06-CD160D8EAE47}.Debug|Any CPU.Build.0 = Debug|Any CPU
		{ADE627FC-F0EF-4180-AC06-CD160D8EAE47}.Release|Any CPU.ActiveCfg = Release|Any CPU
		{ADE627FC-F0EF-4180-AC06-CD160D8EAE47}.Release|Any CPU.Build.0 = Release|Any CPU
		{63208016-3F68-49F9-A199-B38B65E07891}.Debug|Any CPU.ActiveCfg = Debug|Any CPU
		{63208016-3F68-49F9-A199-B38B65E07891}.Debug|Any CPU.Build.0 = Debug|Any CPU
		{63208016-3F68-49F9-A199-B38B65E07891}.Release|Any CPU.ActiveCfg = Release|Any CPU
		{63208016-3F68-49F9-A199-B38B65E07891}.Release|Any CPU.Build.0 = Release|Any CPU
		{647F0E2C-6B75-4FDB-AE28-8B22BD6B4022}.Debug|Any CPU.ActiveCfg = Debug|Any CPU
		{647F0E2C-6B75-4FDB-AE28-8B22BD6B4022}.Debug|Any CPU.Build.0 = Debug|Any CPU
		{647F0E2C-6B75-4FDB-AE28-8B22BD6B4022}.Release|Any CPU.ActiveCfg = Release|Any CPU
		{647F0E2C-6B75-4FDB-AE28-8B22BD6B4022}.Release|Any CPU.Build.0 = Release|Any CPU
		{F3F79144-D88F-4EC0-A5BC-5F4B5AEC0C50}.Debug|Any CPU.ActiveCfg = Debug|Any CPU
		{F3F79144-D88F-4EC0-A5BC-5F4B5AEC0C50}.Debug|Any CPU.Build.0 = Debug|Any CPU
		{F3F79144-D88F-4EC0-A5BC-5F4B5AEC0C50}.Release|Any CPU.ActiveCfg = Release|Any CPU
		{F3F79144-D88F-4EC0-A5BC-5F4B5AEC0C50}.Release|Any CPU.Build.0 = Release|Any CPU
		{7A8A47A5-896B-44B8-86D4-E803B1FD3EC2}.Debug|Any CPU.ActiveCfg = Debug|Any CPU
		{7A8A47A5-896B-44B8-86D4-E803B1FD3EC2}.Debug|Any CPU.Build.0 = Debug|Any CPU
		{7A8A47A5-896B-44B8-86D4-E803B1FD3EC2}.Release|Any CPU.ActiveCfg = Release|Any CPU
		{7A8A47A5-896B-44B8-86D4-E803B1FD3EC2}.Release|Any CPU.Build.0 = Release|Any CPU
		{03B48EF1-92DE-4D74-8ACA-B9D91B4F3B71}.Debug|Any CPU.ActiveCfg = Debug|Any CPU
		{03B48EF1-92DE-4D74-8ACA-B9D91B4F3B71}.Debug|Any CPU.Build.0 = Debug|Any CPU
		{03B48EF1-92DE-4D74-8ACA-B9D91B4F3B71}.Release|Any CPU.ActiveCfg = Release|Any CPU
		{03B48EF1-92DE-4D74-8ACA-B9D91B4F3B71}.Release|Any CPU.Build.0 = Release|Any CPU
		{80920CB8-4272-4EF1-9C97-1C07FE57EF11}.Debug|Any CPU.ActiveCfg = Debug|Any CPU
		{80920CB8-4272-4EF1-9C97-1C07FE57EF11}.Debug|Any CPU.Build.0 = Debug|Any CPU
		{80920CB8-4272-4EF1-9C97-1C07FE57EF11}.Release|Any CPU.ActiveCfg = Release|Any CPU
		{80920CB8-4272-4EF1-9C97-1C07FE57EF11}.Release|Any CPU.Build.0 = Release|Any CPU
		{4CC5ECE4-DCAC-4B0E-84EC-0F4762E21056}.Debug|Any CPU.ActiveCfg = Debug|Any CPU
		{4CC5ECE4-DCAC-4B0E-84EC-0F4762E21056}.Debug|Any CPU.Build.0 = Debug|Any CPU
		{4CC5ECE4-DCAC-4B0E-84EC-0F4762E21056}.Release|Any CPU.ActiveCfg = Release|Any CPU
		{4CC5ECE4-DCAC-4B0E-84EC-0F4762E21056}.Release|Any CPU.Build.0 = Release|Any CPU
		{DF3FA49F-3634-45DD-9C5B-DAD40766EDAF}.Debug|Any CPU.ActiveCfg = Debug|Any CPU
		{DF3FA49F-3634-45DD-9C5B-DAD40766EDAF}.Debug|Any CPU.Build.0 = Debug|Any CPU
		{DF3FA49F-3634-45DD-9C5B-DAD40766EDAF}.Release|Any CPU.ActiveCfg = Release|Any CPU
		{DF3FA49F-3634-45DD-9C5B-DAD40766EDAF}.Release|Any CPU.Build.0 = Release|Any CPU
		{345384A1-04E8-4EFB-B5F9-C036DCC0BE6A}.Debug|Any CPU.ActiveCfg = Debug|Any CPU
		{345384A1-04E8-4EFB-B5F9-C036DCC0BE6A}.Debug|Any CPU.Build.0 = Debug|Any CPU
		{345384A1-04E8-4EFB-B5F9-C036DCC0BE6A}.Release|Any CPU.ActiveCfg = Release|Any CPU
		{345384A1-04E8-4EFB-B5F9-C036DCC0BE6A}.Release|Any CPU.Build.0 = Release|Any CPU
	EndGlobalSection
	GlobalSection(SolutionProperties) = preSolution
		HideSolutionNode = FALSE
	EndGlobalSection
EndGlobal
