Microsoft Visual Studio Solution File, Format Version 8.00
Project("{8BC9CEB8-8B4A-11D0-8D11-00A0C91BC942}") = "snowman", "snowman.vcproj", "{9B56DE1A-59C7-4B68-9956-5E93312D8C7E}"
	ProjectSection(ProjectDependencies) = postProject
	EndProjectSection
EndProject
Global
	GlobalSection(SolutionConfiguration) = preSolution
		Debug = Debug
		Release = Release
	EndGlobalSection
	GlobalSection(ProjectDependencies) = postSolution
	EndGlobalSection
	GlobalSection(ProjectConfiguration) = postSolution
		{9B56DE1A-59C7-4B68-9956-5E93312D8C7E}.Debug.ActiveCfg = Debug|Win32
		{9B56DE1A-59C7-4B68-9956-5E93312D8C7E}.Debug.Build.0 = Debug|Win32
		{9B56DE1A-59C7-4B68-9956-5E93312D8C7E}.Release.ActiveCfg = Release|Win32
		{9B56DE1A-59C7-4B68-9956-5E93312D8C7E}.Release.Build.0 = Release|Win32
	EndGlobalSection
	GlobalSection(ExtensibilityGlobals) = postSolution
	EndGlobalSection
	GlobalSection(ExtensibilityAddIns) = postSolution
	EndGlobalSection
EndGlobal
