Microsoft Visual Studio Solution File, Format Version 8.00
Project("{8BC9CEB8-8B4A-11D0-8D11-00A0C91BC942}") = "perspect", "perspect.vcproj", "{67F9016D-68DB-4A7C-A1A5-3BE4C8204788}"
	ProjectSection(ProjectDependencies) = postProject
	EndProjectSection
EndProject
Global
	GlobalSection(SolutionConfiguration) = preSolution
		Debug = Debug
		Release = Release
	EndGlobalSection
	GlobalSection(ProjectDependencies) = postSolution
	EndGlobalSection
	GlobalSection(ProjectConfiguration) = postSolution
		{67F9016D-68DB-4A7C-A1A5-3BE4C8204788}.Debug.ActiveCfg = Debug|Win32
		{67F9016D-68DB-4A7C-A1A5-3BE4C8204788}.Debug.Build.0 = Debug|Win32
		{67F9016D-68DB-4A7C-A1A5-3BE4C8204788}.Release.ActiveCfg = Release|Win32
		{67F9016D-68DB-4A7C-A1A5-3BE4C8204788}.Release.Build.0 = Release|Win32
	EndGlobalSection
	GlobalSection(ExtensibilityGlobals) = postSolution
	EndGlobalSection
	GlobalSection(ExtensibilityAddIns) = postSolution
	EndGlobalSection
EndGlobal
