
Microsoft Visual Studio Solution File, Format Version 10.00
# Visual Studio 2008
Project("{FAE04EC0-301F-11D3-BF4B-00C04F79EFBC}") = "mang", "mang\mang.csproj", "{D771BC13-02A6-4B36-A7B6-7FA20F1578D6}"
EndProject
Global
	GlobalSection(SolutionConfigurationPlatforms) = preSolution
		Debug|Any CPU = Debug|Any CPU
		Release|Any CPU = Release|Any CPU
	EndGlobalSection
	GlobalSection(ProjectConfigurationPlatforms) = postSolution
		{D771BC13-02A6-4B36-A7B6-7FA20F1578D6}.Debug|Any CPU.ActiveCfg = Debug|Any CPU
		{D771BC13-02A6-4B36-A7B6-7FA20F1578D6}.Debug|Any CPU.Build.0 = Debug|Any CPU
		{D771BC13-02A6-4B36-A7B6-7FA20F1578D6}.Release|Any CPU.ActiveCfg = Release|Any CPU
		{D771BC13-02A6-4B36-A7B6-7FA20F1578D6}.Release|Any CPU.Build.0 = Release|Any CPU
	EndGlobalSection
	GlobalSection(SolutionProperties) = preSolution
		HideSolutionNode = FALSE
	EndGlobalSection
EndGlobal
