
Microsoft Visual Studio Solution File, Format Version 9.00
# Visual Studio 2005
Project("{FAE04EC0-301F-11D3-BF4B-00C04F79EFBC}") = "TestUse", "TestUse\TestUse.csproj", "{DF3FA49F-3634-45DD-9C5B-DAD40766EDAF}"
EndProject
Global
	GlobalSection(SolutionConfigurationPlatforms) = preSolution
		Debug|Any CPU = Debug|Any CPU
		Release|Any CPU = Release|Any CPU
	EndGlobalSection
	GlobalSection(ProjectConfigurationPlatforms) = postSolution
		{DF3FA49F-3634-45DD-9C5B-DAD40766EDAF}.Debug|Any CPU.ActiveCfg = Debug|Any CPU
		{DF3FA49F-3634-45DD-9C5B-DAD40766EDAF}.Debug|Any CPU.Build.0 = Debug|Any CPU
		{DF3FA49F-3634-45DD-9C5B-DAD40766EDAF}.Release|Any CPU.ActiveCfg = Release|Any CPU
		{DF3FA49F-3634-45DD-9C5B-DAD40766EDAF}.Release|Any CPU.Build.0 = Release|Any CPU
	EndGlobalSection
	GlobalSection(SolutionProperties) = preSolution
		HideSolutionNode = FALSE
	EndGlobalSection
EndGlobal
