Microsoft Visual Studio Solution File, Format Version 8.00
Project("{8BC9CEB8-8B4A-11D0-8D11-00A0C91BC942}") = "SphereWorld", "SphereWorld.vcproj", "{179BFA2F-A5A3-422F-8453-BED2ADFB50E7}"
	ProjectSection(ProjectDependencies) = postProject
	EndProjectSection
EndProject
Global
	GlobalSection(SolutionConfiguration) = preSolution
		Debug = Debug
		Release = Release
	EndGlobalSection
	GlobalSection(ProjectConfiguration) = postSolution
		{179BFA2F-A5A3-422F-8453-BED2ADFB50E7}.Debug.ActiveCfg = Debug|Win32
		{179BFA2F-A5A3-422F-8453-BED2ADFB50E7}.Debug.Build.0 = Debug|Win32
		{179BFA2F-A5A3-422F-8453-BED2ADFB50E7}.Release.ActiveCfg = Release|Win32
		{179BFA2F-A5A3-422F-8453-BED2ADFB50E7}.Release.Build.0 = Release|Win32
	EndGlobalSection
	GlobalSection(ExtensibilityGlobals) = postSolution
	EndGlobalSection
	GlobalSection(ExtensibilityAddIns) = postSolution
	EndGlobalSection
EndGlobal
