Microsoft Visual Studio Solution File, Format Version 8.00
Project("{8BC9CEB8-8B4A-11D0-8D11-00A0C91BC942}") = "bezlit", "bezlit.vcproj", "{B79A5643-5CE3-4F85-9084-FD50CF027ABB}"
	ProjectSection(ProjectDependencies) = postProject
	EndProjectSection
EndProject
Global
	GlobalSection(SolutionConfiguration) = preSolution
		Debug = Debug
		Release = Release
	EndGlobalSection
	GlobalSection(ProjectDependencies) = postSolution
	EndGlobalSection
	GlobalSection(ProjectConfiguration) = postSolution
		{B79A5643-5CE3-4F85-9084-FD50CF027ABB}.Debug.ActiveCfg = Debug|Win32
		{B79A5643-5CE3-4F85-9084-FD50CF027ABB}.Debug.Build.0 = Debug|Win32
		{B79A5643-5CE3-4F85-9084-FD50CF027ABB}.Release.ActiveCfg = Release|Win32
		{B79A5643-5CE3-4F85-9084-FD50CF027ABB}.Release.Build.0 = Release|Win32
	EndGlobalSection
	GlobalSection(ExtensibilityGlobals) = postSolution
	EndGlobalSection
	GlobalSection(ExtensibilityAddIns) = postSolution
	EndGlobalSection
EndGlobal
