
Microsoft Visual Studio Solution File, Format Version 10.00
# Visual Studio 2008
Project("{FAE04EC0-301F-11D3-BF4B-00C04F79EFBC}") = "08110121_Bai1", "08110121_Bai1\08110121_Bai1.csproj", "{BBDE047A-74FA-44D8-AD12-CD3D9ABD33EC}"
EndProject
Global
	GlobalSection(SolutionConfigurationPlatforms) = preSolution
		Debug|Any CPU = Debug|Any CPU
		Release|Any CPU = Release|Any CPU
	EndGlobalSection
	GlobalSection(ProjectConfigurationPlatforms) = postSolution
		{BBDE047A-74FA-44D8-AD12-CD3D9ABD33EC}.Debug|Any CPU.ActiveCfg = Debug|Any CPU
		{BBDE047A-74FA-44D8-AD12-CD3D9ABD33EC}.Debug|Any CPU.Build.0 = Debug|Any CPU
		{BBDE047A-74FA-44D8-AD12-CD3D9ABD33EC}.Release|Any CPU.ActiveCfg = Release|Any CPU
		{BBDE047A-74FA-44D8-AD12-CD3D9ABD33EC}.Release|Any CPU.Build.0 = Release|Any CPU
	EndGlobalSection
	GlobalSection(SolutionProperties) = preSolution
		HideSolutionNode = FALSE
	EndGlobalSection
EndGlobal
