Microsoft Visual Studio Solution File, Format Version 8.00
Project("{FAE04EC0-301F-11D3-BF4B-00C04F79EFBC}") = "CoCaNgua", "CoCaNgua.csproj", "{476F3D6E-89D0-44DA-9B45-E64DE063ACF3}"
	ProjectSection(ProjectDependencies) = postProject
	EndProjectSection
EndProject
Global
	GlobalSection(SolutionConfiguration) = preSolution
		Debug = Debug
		Release = Release
	EndGlobalSection
	GlobalSection(ProjectConfiguration) = postSolution
		{476F3D6E-89D0-44DA-9B45-E64DE063ACF3}.Debug.ActiveCfg = Debug|.NET
		{476F3D6E-89D0-44DA-9B45-E64DE063ACF3}.Debug.Build.0 = Debug|.NET
		{476F3D6E-89D0-44DA-9B45-E64DE063ACF3}.Release.ActiveCfg = Release|.NET
		{476F3D6E-89D0-44DA-9B45-E64DE063ACF3}.Release.Build.0 = Release|.NET
	EndGlobalSection
	GlobalSection(ExtensibilityGlobals) = postSolution
	EndGlobalSection
	GlobalSection(ExtensibilityAddIns) = postSolution
	EndGlobalSection
EndGlobal
