
Microsoft Visual Studio Solution File, Format Version 10.00
# Visual Studio 2008
Project("{FAE04EC0-301F-11D3-BF4B-00C04F79EFBC}") = "WindowsFormsApplication1", "WindowsFormsApplication1\WindowsFormsApplication1.csproj", "{FAAE1C0F-A357-42F4-A9C8-2929862D64FD}"
EndProject
Global
	GlobalSection(SolutionConfigurationPlatforms) = preSolution
		Debug|Any CPU = Debug|Any CPU
		Release|Any CPU = Release|Any CPU
	EndGlobalSection
	GlobalSection(ProjectConfigurationPlatforms) = postSolution
		{FAAE1C0F-A357-42F4-A9C8-2929862D64FD}.Debug|Any CPU.ActiveCfg = Debug|Any CPU
		{FAAE1C0F-A357-42F4-A9C8-2929862D64FD}.Debug|Any CPU.Build.0 = Debug|Any CPU
		{FAAE1C0F-A357-42F4-A9C8-2929862D64FD}.Release|Any CPU.ActiveCfg = Release|Any CPU
		{FAAE1C0F-A357-42F4-A9C8-2929862D64FD}.Release|Any CPU.Build.0 = Release|Any CPU
	EndGlobalSection
	GlobalSection(SolutionProperties) = preSolution
		HideSolutionNode = FALSE
	EndGlobalSection
EndGlobal
