
Microsoft Visual Studio Solution File, Format Version 10.00
# Visual Studio 2008
Project("{FAE04EC0-301F-11D3-BF4B-00C04F79EFBC}") = "Interface", "Interface.csproj", "{140503CA-27C2-4BCF-B6C4-C46EE7AE540E}"
EndProject
Global
	GlobalSection(SolutionConfigurationPlatforms) = preSolution
		Debug|Any CPU = Debug|Any CPU
		Release|Any CPU = Release|Any CPU
	EndGlobalSection
	GlobalSection(ProjectConfigurationPlatforms) = postSolution
		{140503CA-27C2-4BCF-B6C4-C46EE7AE540E}.Debug|Any CPU.ActiveCfg = Debug|Any CPU
		{140503CA-27C2-4BCF-B6C4-C46EE7AE540E}.Debug|Any CPU.Build.0 = Debug|Any CPU
		{140503CA-27C2-4BCF-B6C4-C46EE7AE540E}.Release|Any CPU.ActiveCfg = Release|Any CPU
		{140503CA-27C2-4BCF-B6C4-C46EE7AE540E}.Release|Any CPU.Build.0 = Release|Any CPU
	EndGlobalSection
	GlobalSection(SolutionProperties) = preSolution
		HideSolutionNode = FALSE
	EndGlobalSection
EndGlobal
