
Microsoft Visual Studio Solution File, Format Version 9.00
# Visual Studio 2005
Project("{FAE04EC0-301F-11D3-BF4B-00C04F79EFBC}") = "ViDuNameSpace", "ViDuNameSpace\ViDuNameSpace.csproj", "{B38428C2-1B77-4F9E-9223-698E9371F809}"
EndProject
Global
	GlobalSection(SolutionConfigurationPlatforms) = preSolution
		Debug|Any CPU = Debug|Any CPU
		Release|Any CPU = Release|Any CPU
	EndGlobalSection
	GlobalSection(ProjectConfigurationPlatforms) = postSolution
		{B38428C2-1B77-4F9E-9223-698E9371F809}.Debug|Any CPU.ActiveCfg = Debug|Any CPU
		{B38428C2-1B77-4F9E-9223-698E9371F809}.Debug|Any CPU.Build.0 = Debug|Any CPU
		{B38428C2-1B77-4F9E-9223-698E9371F809}.Release|Any CPU.ActiveCfg = Release|Any CPU
		{B38428C2-1B77-4F9E-9223-698E9371F809}.Release|Any CPU.Build.0 = Release|Any CPU
	EndGlobalSection
	GlobalSection(SolutionProperties) = preSolution
		HideSolutionNode = FALSE
	EndGlobalSection
EndGlobal
