
Microsoft Visual Studio Solution File, Format Version 10.00
# Visual Studio 2008
Project("{FAE04EC0-301F-11D3-BF4B-00C04F79EFBC}") = "DepthCopy", "DepthCopy\DepthCopy.csproj", "{BFE20CEB-763E-4F32-8CBA-89FC395D8681}"
EndProject
Global
	GlobalSection(SolutionConfigurationPlatforms) = preSolution
		Debug|Any CPU = Debug|Any CPU
		Release|Any CPU = Release|Any CPU
	EndGlobalSection
	GlobalSection(ProjectConfigurationPlatforms) = postSolution
		{BFE20CEB-763E-4F32-8CBA-89FC395D8681}.Debug|Any CPU.ActiveCfg = Debug|Any CPU
		{BFE20CEB-763E-4F32-8CBA-89FC395D8681}.Debug|Any CPU.Build.0 = Debug|Any CPU
		{BFE20CEB-763E-4F32-8CBA-89FC395D8681}.Release|Any CPU.ActiveCfg = Release|Any CPU
		{BFE20CEB-763E-4F32-8CBA-89FC395D8681}.Release|Any CPU.Build.0 = Release|Any CPU
	EndGlobalSection
	GlobalSection(SolutionProperties) = preSolution
		HideSolutionNode = FALSE
	EndGlobalSection
EndGlobal
