Microsoft Visual Studio Solution File, Format Version 8.00
Project("{8BC9CEB8-8B4A-11D0-8D11-00A0C91BC942}") = "transform", "transform.vcproj", "{F971FC9A-25B0-4E94-8349-DEC6280E99B6}"
	ProjectSection(ProjectDependencies) = postProject
	EndProjectSection
EndProject
Global
	GlobalSection(SolutionConfiguration) = preSolution
		Debug = Debug
		Release = Release
	EndGlobalSection
	GlobalSection(ProjectDependencies) = postSolution
	EndGlobalSection
	GlobalSection(ProjectConfiguration) = postSolution
		{F971FC9A-25B0-4E94-8349-DEC6280E99B6}.Debug.ActiveCfg = Debug|Win32
		{F971FC9A-25B0-4E94-8349-DEC6280E99B6}.Debug.Build.0 = Debug|Win32
		{F971FC9A-25B0-4E94-8349-DEC6280E99B6}.Release.ActiveCfg = Release|Win32
		{F971FC9A-25B0-4E94-8349-DEC6280E99B6}.Release.Build.0 = Release|Win32
	EndGlobalSection
	GlobalSection(ExtensibilityGlobals) = postSolution
	EndGlobalSection
	GlobalSection(ExtensibilityAddIns) = postSolution
	EndGlobalSection
EndGlobal
